{
  "lockfileVersion": 1,
  "configVersion": 1,
  "workspaces": {
    "": {
      "name": "miru",
      "devDependencies": {
        "lefthook": "^2.1.9",
        "oxfmt": "^0.56.0",
        "oxlint": "^1.71.0",
        "typescript": "7.0.1-rc",
      },
    },
    "packages/cli": {
      "name": "@miru/cli",
      "version": "2026.6.27",
      "bin": {
        "miru": "./src/cli.ts",
      },
      "dependencies": {
        "@miru/contract": "workspace:*",
        "@miru/server": "workspace:*",
      },
      "devDependencies": {
        "@types/bun": "^1.3.14",
      },
    },
    "packages/contract": {
      "name": "@miru/contract",
      "version": "2026.6.27",
      "dependencies": {
        "zod": "^4.4.3",
      },
    },
    "packages/frontend": {
      "name": "@miru/frontend",
      "version": "2026.6.27",
      "dependencies": {
        "@miru/contract": "workspace:*",
        "react": "^19.2.7",
        "react-dom": "^19.2.7",
      },
      "devDependencies": {
        "@happy-dom/global-registrator": "^20.0.0",
        "@testing-library/dom": "^10.4.0",
        "@testing-library/react": "^16.1.0",
        "@testing-library/user-event": "^14.5.2",
        "@types/bun": "^1.3.14",
        "@types/react": "^19.2.17",
        "@types/react-dom": "^19.2.3",
      },
    },
    "packages/server": {
      "name": "@miru/server",
      "version": "2026.6.27",
      "dependencies": {
        "@miru/contract": "workspace:*",
        "sanitize-html": "^2.17.5",
      },
      "devDependencies": {
        "@types/bun": "^1.3.14",
        "@types/sanitize-html": "^2.16.1",
      },
    },
  },
  "packages": {
    "@babel/code-frame": ["@babel/code-frame@7.29.7", "", { "dependencies": { "@babel/helper-validator-identifier": "^7.29.7", "js-tokens": "^4.0.0", "picocolors": "^1.1.1" } }, "sha512-Aup7aUOfpbAUg2ROOJN6Iw5f9DMBlzu0mIkm/malLQFN/YQgO48wCj0Kxa3sEHJvPVFg7siR+qRInwXd2qhQKw=="],

    "@babel/helper-validator-identifier": ["@babel/helper-validator-identifier@7.29.7", "", {}, "sha512-qehxGkRj55h/ff8EMaJ+cYhyaKlHIxqYDn682wQD7RNp9UujOQsHog2uS0r2vzr4pW+sXf90NeeayjcNaX3fFg=="],

    "@babel/runtime": ["@babel/runtime@7.29.7", "", {}, "sha512-Nq8OhGWiZIZGV6hLHoyAKLLcJihP/xFeBMGJoUrxTX2psI8dCifzLhZISFb+VWS3wFMRDmCGw5R+dOySCqPLhw=="],

    "@happy-dom/global-registrator": ["@happy-dom/global-registrator@20.10.6", "", { "dependencies": { "@types/node": ">=20.0.0", "happy-dom": "^20.10.6" } }, "sha512-Nu/IjRkkNxmeG2ywWsyJSO4d1BrWTqVzxCPL+gXj0b97klhmjd6wLzt6Bx/laNpkZ3WLW7zNCqmtMIbIlahqug=="],

    "@miru/cli": ["@miru/cli@workspace:packages/cli"],

    "@miru/contract": ["@miru/contract@workspace:packages/contract"],

    "@miru/frontend": ["@miru/frontend@workspace:packages/frontend"],

    "@miru/server": ["@miru/server@workspace:packages/server"],

    "@oxfmt/binding-android-arm-eabi": ["@oxfmt/binding-android-arm-eabi@0.56.0", "", { "os": "android", "cpu": "arm" }, "sha512-CSCxi7ovYojgfdPOdUb9T508HKeAdDIKeRGg7x8IZwVJrWz9gVgX7MbUnFqtQAE4QvoNo07mj2JlwnOzJw4qqA=="],

    "@oxfmt/binding-android-arm64": ["@oxfmt/binding-android-arm64@0.56.0", "", { "os": "android", "cpu": "arm64" }, "sha512-HYJFnd+PkDwf6S9ZPGzXXtjNqvRWFnnhdbWaouh4mi/SxU8wmDuzlMn3xo/wDTGnr4Q1VA7ZzOaE/D4biW0W6A=="],

    "@oxfmt/binding-darwin-arm64": ["@oxfmt/binding-darwin-arm64@0.56.0", "", { "os": "darwin", "cpu": "arm64" }, "sha512-sftR/bEOr+t1gs+evwsHi/Xbq2FAPA2uU3VMr8n6ZU9PoK/IMSfnfu7+OEe/uy1+knhrFl4Wvy7Vkm3uo9mJ7g=="],

    "@oxfmt/binding-darwin-x64": ["@oxfmt/binding-darwin-x64@0.56.0", "", { "os": "darwin", "cpu": "x64" }, "sha512-z66SdjLqa3MUPKvTp3Mbb5nSjKSbnYxJGeB+Wx987s8T5hPcIRiBMfnJ6zcPgYtQn3x5xjvdzNVkXrSeYH6ZFg=="],

    "@oxfmt/binding-freebsd-x64": ["@oxfmt/binding-freebsd-x64@0.56.0", "", { "os": "freebsd", "cpu": "x64" }, "sha512-t2tkrV1vtZyaItSQ71dTi2ZVKZEI39b/LqLT12V5KMfIeXK6N32TUC1jhOXKVQmhECq9j2ZXMQV3JeT1kh9Vmg=="],

    "@oxfmt/binding-linux-arm-gnueabihf": ["@oxfmt/binding-linux-arm-gnueabihf@0.56.0", "", { "os": "linux", "cpu": "arm" }, "sha512-+gCy+Tp3RHeXQ9y/QrS76lXIpZkbziTyp6hIgjB2MssCwfMph3vG/GEfkhO34Rai1vhYIaUkvv8UT1BcDorJPw=="],

    "@oxfmt/binding-linux-arm-musleabihf": ["@oxfmt/binding-linux-arm-musleabihf@0.56.0", "", { "os": "linux", "cpu": "arm" }, "sha512-0kKkVvQ2I+FJ2sxQyUu1zJ0yWP5kcWse/yVFnGQSFCXMwSSkfEaUGu0dW774O7nyy3jrcBGap7OSc8dZmU/CdA=="],

    "@oxfmt/binding-linux-arm64-gnu": ["@oxfmt/binding-linux-arm64-gnu@0.56.0", "", { "os": "linux", "cpu": "arm64" }, "sha512-npkA2siMbyWRh+wEhi1aTAx4RirukGcGNt8V4Ch86pG+xU9aurqS1MZOnKYMu03ISwat3rB6zkQx51SsB9obNw=="],

    "@oxfmt/binding-linux-arm64-musl": ["@oxfmt/binding-linux-arm64-musl@0.56.0", "", { "os": "linux", "cpu": "arm64" }, "sha512-UekqOjGkV4/MkqreCV9SPIB2jlR3/HbXrmhV1rVXJZ9wfDXMyCMriLtq3tHqLY4PkbVWNtfcm1kMojJ26KLSJw=="],

    "@oxfmt/binding-linux-ppc64-gnu": ["@oxfmt/binding-linux-ppc64-gnu@0.56.0", "", { "os": "linux", "cpu": "ppc64" }, "sha512-XSzveSpeZMD5XJpew5lRFVtNnT04xd3rJxENXmk7wkZzN9oWzv2aFJyoNDhOtoz69BYaS/fg4SYl+CfEZRpB0Q=="],

    "@oxfmt/binding-linux-riscv64-gnu": ["@oxfmt/binding-linux-riscv64-gnu@0.56.0", "", { "os": "linux", "cpu": "none" }, "sha512-EkQ0nJa7k7HDDIVuPF7WY+k4k+bzdclLYtyIXNt7/OqVghfNiMym6YGppFBgx1XRIHW6QylxBz5OogumPjPJbQ=="],

    "@oxfmt/binding-linux-riscv64-musl": ["@oxfmt/binding-linux-riscv64-musl@0.56.0", "", { "os": "linux", "cpu": "none" }, "sha512-dyjAGW8jKRge0ik6U/dgvQG0nVpA3iBlRskQTz5qJLvQWIrySxX5jpqzPetLBNIIZ231KA82fDdi1nLTk8ENCw=="],

    "@oxfmt/binding-linux-s390x-gnu": ["@oxfmt/binding-linux-s390x-gnu@0.56.0", "", { "os": "linux", "cpu": "s390x" }, "sha512-60ZGH3LtfqlW8X6vcLdSFY4lvCQYINurttYBKaALnHCDVAUCYJ1LsUgS6p1XOzVlzEDx3yNUZvDF1Lvt59zoZw=="],

    "@oxfmt/binding-linux-x64-gnu": ["@oxfmt/binding-linux-x64-gnu@0.56.0", "", { "os": "linux", "cpu": "x64" }, "sha512-u1suj1tgJHK4ZqB7buCtdbNef2n8+d0lXTPJwLHNmtyK6p+DTpsaoDvmqhQrA56fgKYv4LuRxNtL8YooebKOew=="],

    "@oxfmt/binding-linux-x64-musl": ["@oxfmt/binding-linux-x64-musl@0.56.0", "", { "os": "linux", "cpu": "x64" }, "sha512-aYGLvlQHt80y+qKEtfJY/Nm27G0125Lv+qyh9SJ4Cjc6lXnXjD+ndfhqQnbV24POpMi7rNRi0jvx/0d70FRpCQ=="],

    "@oxfmt/binding-openharmony-arm64": ["@oxfmt/binding-openharmony-arm64@0.56.0", "", { "os": "none", "cpu": "arm64" }, "sha512-H/re/gO+7ysVc+kywHNuzY3C33EN9sQcZhg0kp1ZwOZl7y998ZE5mhnBiuGR/nYI0pqLL5xQfrHVUOJ/cIJsCA=="],

    "@oxfmt/binding-win32-arm64-msvc": ["@oxfmt/binding-win32-arm64-msvc@0.56.0", "", { "os": "win32", "cpu": "arm64" }, "sha512-6qLNXfXmtAs8jXDvYMkxk6Wec5SUJoew+ZX1uOZmqaR7ks0EJFbAohuOCELDyJMWyVlxotVG8Xf8m74Bfq0O2w=="],

    "@oxfmt/binding-win32-ia32-msvc": ["@oxfmt/binding-win32-ia32-msvc@0.56.0", "", { "os": "win32", "cpu": "ia32" }, "sha512-UXEXuKphAe15bsob4AswNMArCw38XSmUIs3wk1s6e6MX9OWGW/IRWU95s1hZDiVg09STy1jHgyN2qkqbu1FT0w=="],

    "@oxfmt/binding-win32-x64-msvc": ["@oxfmt/binding-win32-x64-msvc@0.56.0", "", { "os": "win32", "cpu": "x64" }, "sha512-HPyNDjky+NIOuaMvHZflR+kst3YWdUOH2JUQYkf99grqZ5mEBTQM6h9iGy501Z8Xt5xMScrwHOuVCOlqDrktRw=="],

    "@oxlint/binding-android-arm-eabi": ["@oxlint/binding-android-arm-eabi@1.71.0", "", { "os": "android", "cpu": "arm" }, "sha512-ImGmd1njEg4FEJH03jhRnveEegtO3czCtfptvaHivKAZQIYATbVFBrrzbaYMYv0oJioTnxZAZVSyV+oL7W8S2g=="],

    "@oxlint/binding-android-arm64": ["@oxlint/binding-android-arm64@1.71.0", "", { "os": "android", "cpu": "arm64" }, "sha512-4A5BEexBrwY1YFF8Kiq/lp/wQPRG79G3BWIE1FuWaM5MvmpYSd+7ZySVcKkHdwo0UDzdQGddp6pD9mpctMqLnw=="],

    "@oxlint/binding-darwin-arm64": ["@oxlint/binding-darwin-arm64@1.71.0", "", { "os": "darwin", "cpu": "arm64" }, "sha512-9wJA9GJulLwS2usU3CEisI/ESDO1n1z9eyTCvApMDrAkbJ1ve0mORgTMjcWWsKxkzkeZ2N/Gpra5IQE7x8tYgQ=="],

    "@oxlint/binding-darwin-x64": ["@oxlint/binding-darwin-x64@1.71.0", "", { "os": "darwin", "cpu": "x64" }, "sha512-PlLCjS06V0PeJMAJwzjrExw1sYNW9Gch3JtNlcwwZDXGlTYDuwHNN89zYH8LTXFfgkVtsYvs2nv0FqrzyuFDzg=="],

    "@oxlint/binding-freebsd-x64": ["@oxlint/binding-freebsd-x64@1.71.0", "", { "os": "freebsd", "cpu": "x64" }, "sha512-Lhil7bWre0ncxbUoDoxfS0JzpTz17BRQKW7iwoAUY8GJ66+WwJEfYPCFJ1P0WgVZR5/O/b3Q2pENlHOjeXLOGQ=="],

    "@oxlint/binding-linux-arm-gnueabihf": ["@oxlint/binding-linux-arm-gnueabihf@1.71.0", "", { "os": "linux", "cpu": "arm" }, "sha512-Oo9/L58PYD3RC0x05d2upAPLllHytTjHQGsnC06P6Ynn7jKkp5mdImQxXdJ3+FnBaKspNpGogzgVsi6g872LiA=="],

    "@oxlint/binding-linux-arm-musleabihf": ["@oxlint/binding-linux-arm-musleabihf@1.71.0", "", { "os": "linux", "cpu": "arm" }, "sha512-mSHfyfgJrEbyIR29ejaeS50BdPk+GoNPlC1dckpDiUZbJAIel68sjSMdOt4WY0/gva+ECC7FNITQkxMJU+vSBw=="],

    "@oxlint/binding-linux-arm64-gnu": ["@oxlint/binding-linux-arm64-gnu@1.71.0", "", { "os": "linux", "cpu": "arm64" }, "sha512-n9yY4M2tiy3aij4AqtlnspzpfdpeT5JQfK2/w2d8oyp5W0FRwOb1dIeX99nORNcxGr08iD9bH8N5XFz3I2iy8w=="],

    "@oxlint/binding-linux-arm64-musl": ["@oxlint/binding-linux-arm64-musl@1.71.0", "", { "os": "linux", "cpu": "arm64" }, "sha512-fJZrs5sDZtTaPIOiemRQQmo82Ezy+vOGXemPc4Ok7iVVsYsFa7SlW6Z5XN819VfsqBHRm3NJ3rTdnR8+bJYJdQ=="],

    "@oxlint/binding-linux-ppc64-gnu": ["@oxlint/binding-linux-ppc64-gnu@1.71.0", "", { "os": "linux", "cpu": "ppc64" }, "sha512-cwl7VKGERIy9p+G+AvZdfy/06q0aHXaTt/mMRReC751iuNYJgqKjB7NydXSS30nBT9vtr2tunciOtrR4fD6FUA=="],

    "@oxlint/binding-linux-riscv64-gnu": ["@oxlint/binding-linux-riscv64-gnu@1.71.0", "", { "os": "linux", "cpu": "none" }, "sha512-eZ8ieVXvzGi8jr7+ybQGPK2STw3mldfxZlgA2738iflfB/rzA69sE6m5rDRpQaxC7dpm745Enlh1Tod0QAk9Gg=="],

    "@oxlint/binding-linux-riscv64-musl": ["@oxlint/binding-linux-riscv64-musl@1.71.0", "", { "os": "linux", "cpu": "none" }, "sha512-puMDbQYe6+NXwfMusojoA7CXGn2b3utukmd23PQqc1E3XhVCwyZ+FueSMzDYeNgDV2dUfIVXAAKZBcFDeCL6sA=="],

    "@oxlint/binding-linux-s390x-gnu": ["@oxlint/binding-linux-s390x-gnu@1.71.0", "", { "os": "linux", "cpu": "s390x" }, "sha512-4NJLxBs1ujISCt3L/1FcywLs73PWtJuw+piD6feK2V6h6OS6P7xu9/sWt1DTRLibe6QCzmfZzmM/2HPORoV/Lg=="],

    "@oxlint/binding-linux-x64-gnu": ["@oxlint/binding-linux-x64-gnu@1.71.0", "", { "os": "linux", "cpu": "x64" }, "sha512-cFDaiR8L3430qp88tfZnvFlt3KotFhR/DlbIL0nHOMMYiG/9Wy4l+6f7t8G8pTa9bd8Lt8+M0y/qjRQ/xcB74g=="],

    "@oxlint/binding-linux-x64-musl": ["@oxlint/binding-linux-x64-musl@1.71.0", "", { "os": "linux", "cpu": "x64" }, "sha512-orfixdt76KlpNly9z0PkWBBNfwjKz+JFVLP/7wnVchlKNU9Dpt9InU/ZggeSej6fC7qwHmHNOGlhLnQXcYoGuA=="],

    "@oxlint/binding-openharmony-arm64": ["@oxlint/binding-openharmony-arm64@1.71.0", "", { "os": "none", "cpu": "arm64" }, "sha512-9emQu2lAp6yhPB3XuI+++vR+l/o6JR1X+EpxwcumPdQXBWXEPAsquPGL7l158EqU8SebQMXTUa/S5zN98juyHw=="],

    "@oxlint/binding-win32-arm64-msvc": ["@oxlint/binding-win32-arm64-msvc@1.71.0", "", { "os": "win32", "cpu": "arm64" }, "sha512-bd5kI8spYwTm3BILDtGhi73zoup5dw8MlPQNT8YB3BD5UIsjNe3K9/4ctrzQMX4SZMoK5HgzVLkLJzacEXB7fA=="],

    "@oxlint/binding-win32-ia32-msvc": ["@oxlint/binding-win32-ia32-msvc@1.71.0", "", { "os": "win32", "cpu": "ia32" }, "sha512-W4HvOHGzVLHcrmFu+bMrJlho+/yrlX5ZNdJZqGe8MEldkQG+RHYhxxad9P4jvWAYFmIqUA5i9DQ8QsJqSU9GIw=="],

    "@oxlint/binding-win32-x64-msvc": ["@oxlint/binding-win32-x64-msvc@1.71.0", "", { "os": "win32", "cpu": "x64" }, "sha512-D2kyEIPHk/G/wiZLnwTVC/sVst+T/lKldVOjAFpgTIBUAOlry72e5OiapDbDBF4LfJLkN5ypJb/8Eu6yJzkveQ=="],

    "@testing-library/dom": ["@testing-library/dom@10.4.1", "", { "dependencies": { "@babel/code-frame": "^7.10.4", "@babel/runtime": "^7.12.5", "@types/aria-query": "^5.0.1", "aria-query": "5.3.0", "dom-accessibility-api": "^0.5.9", "lz-string": "^1.5.0", "picocolors": "1.1.1", "pretty-format": "^27.0.2" } }, "sha512-o4PXJQidqJl82ckFaXUeoAW+XysPLauYI43Abki5hABd853iMhitooc6znOnczgbTYmEP6U6/y1ZyKAIsvMKGg=="],

    "@testing-library/react": ["@testing-library/react@16.3.2", "", { "dependencies": { "@babel/runtime": "^7.12.5" }, "peerDependencies": { "@testing-library/dom": "^10.0.0", "@types/react": "^18.0.0 || ^19.0.0", "@types/react-dom": "^18.0.0 || ^19.0.0", "react": "^18.0.0 || ^19.0.0", "react-dom": "^18.0.0 || ^19.0.0" }, "optionalPeers": ["@types/react", "@types/react-dom"] }, "sha512-XU5/SytQM+ykqMnAnvB2umaJNIOsLF3PVv//1Ew4CTcpz0/BRyy/af40qqrt7SjKpDdT1saBMc42CUok5gaw+g=="],

    "@testing-library/user-event": ["@testing-library/user-event@14.6.1", "", { "peerDependencies": { "@testing-library/dom": ">=7.21.4" } }, "sha512-vq7fv0rnt+QTXgPxr5Hjc210p6YKq2kmdziLgnsZGgLJ9e6VAShx1pACLuRjd/AS/sr7phAR58OIIpf0LlmQNw=="],

    "@types/aria-query": ["@types/aria-query@5.0.4", "", {}, "sha512-rfT93uj5s0PRL7EzccGMs3brplhcrghnDoV26NqKhCAS1hVo+WdNsPvE/yb6ilfr5hi2MEk6d5EWJTKdxg8jVw=="],

    "@types/bun": ["@types/bun@1.3.14", "", { "dependencies": { "bun-types": "1.3.14" } }, "sha512-h1hFqFVcvAvD9j9K7ZW7vd82aSA+rTdznZa+5bwvCwqSB1jmmfLcbIWhOLx1/+boy/xmjgCs/OMUL8hRJSmnPw=="],

    "@types/node": ["@types/node@26.0.1", "", { "dependencies": { "undici-types": "~8.3.0" } }, "sha512-fc3KiUoBt6kie0N9bIW3E47vZsuaMf0PM2AaUpLCLT0s/LvX1nxAim6Fc049cNxODPpGm6qRAuUOB86SkRuPQw=="],

    "@types/react": ["@types/react@19.2.17", "", { "dependencies": { "csstype": "^3.2.2" } }, "sha512-MXfmqaVPEVgkBT/aY0aGCkRWWtByiYQXo3xdQ8r5RzuFrPiRn8Gar2tQdXSUQ2GKV3bkXckek89V8wQBY2Q/Aw=="],

    "@types/react-dom": ["@types/react-dom@19.2.3", "", { "peerDependencies": { "@types/react": "^19.2.0" } }, "sha512-jp2L/eY6fn+KgVVQAOqYItbF0VY/YApe5Mz2F0aykSO8gx31bYCZyvSeYxCHKvzHG5eZjc+zyaS5BrBWya2+kQ=="],

    "@types/sanitize-html": ["@types/sanitize-html@2.16.1", "", { "dependencies": { "htmlparser2": "^10.1" } }, "sha512-n9wjs8bCOTyN/ynwD8s/nTcTreIHB1vf31vhLMGqUPNHaweKC4/fAl4Dj+hUlCTKYgm4P3k83fmiFfzkZ6sgMA=="],

    "@types/whatwg-mimetype": ["@types/whatwg-mimetype@3.0.2", "", {}, "sha512-c2AKvDT8ToxLIOUlN51gTiHXflsfIFisS4pO7pDPoKouJCESkhZnEy623gwP9laCy5lnLDAw1vAzu2vM2YLOrA=="],

    "@types/ws": ["@types/ws@8.18.1", "", { "dependencies": { "@types/node": "*" } }, "sha512-ThVF6DCVhA8kUGy+aazFQ4kXQ7E1Ty7A3ypFOe0IcJV8O/M511G99AW24irKrW56Wt44yG9+ij8FaqoBGkuBXg=="],

    "@typescript/typescript-aix-ppc64": ["@typescript/typescript-aix-ppc64@7.0.1-rc", "", { "os": "aix", "cpu": "ppc64" }, "sha512-oqq2ZfEJ7BQuufcC3QBQndZLPNyamYNHLao8lKRBeeSkZKypBqxPSgkzrcFZtbYcIaBvpiyUnQP9MT7DEYHWbw=="],

    "@typescript/typescript-darwin-arm64": ["@typescript/typescript-darwin-arm64@7.0.1-rc", "", { "os": "darwin", "cpu": "arm64" }, "sha512-Slc0yTftT2F/uGDmtPst8ijydneL6uZaLEyr2UjahxZpbhTjHFBJ5agXtVz/TL4A+ldxzjzj+E8QtLZlh/5mXw=="],

    "@typescript/typescript-darwin-x64": ["@typescript/typescript-darwin-x64@7.0.1-rc", "", { "os": "darwin", "cpu": "x64" }, "sha512-h68iFW/LbA1/BsGgSRGFw981/3s1f/rY27YrmeZNuN+ly7dI+fiDduwT9ZT9866x2onoKNRq7PTyxSKyKDzfAQ=="],

    "@typescript/typescript-freebsd-arm64": ["@typescript/typescript-freebsd-arm64@7.0.1-rc", "", { "os": "freebsd", "cpu": "arm64" }, "sha512-DE+ppd8Ix2c6OMuRkKY4PJ4hngMGJ9M95OQUP17p9xL/1IKXof7npIeuusMN/bgL5o5JzMfSGh+N+5scTYRg0Q=="],

    "@typescript/typescript-freebsd-x64": ["@typescript/typescript-freebsd-x64@7.0.1-rc", "", { "os": "freebsd", "cpu": "x64" }, "sha512-ST1ozHMw0u+CLOnWkcTyWDMV4Qn9osZ6fd1V1lnKDM1t0hZIp81mdGpdHxyHJjd7jdGrb6Gb/QXcZ1uqZ0t5zw=="],

    "@typescript/typescript-linux-arm": ["@typescript/typescript-linux-arm@7.0.1-rc", "", { "os": "linux", "cpu": "arm" }, "sha512-gHmHwT5Naq5CKM8g9bbaGeEpnwQEvWCLn3fwP4K2m61VQdDKkPk0Dhab/OoZ4LV2SrMddmclYXTzpyg23YGt5g=="],

    "@typescript/typescript-linux-arm64": ["@typescript/typescript-linux-arm64@7.0.1-rc", "", { "os": "linux", "cpu": "arm64" }, "sha512-N46pRihK3t5zD5MUtTQcdmQUqr1WI4U2nxno1gLwOtRSsB4krFkRjPHcQNG7h2DtRkX64rQiReX6WKwg2wprMA=="],

    "@typescript/typescript-linux-loong64": ["@typescript/typescript-linux-loong64@7.0.1-rc", "", { "os": "linux", "cpu": "none" }, "sha512-G17Sao312rgiPBTh2F4nOpLpa3CcnBSaNhqNghZk2LNhnsp1RaMO5HMq2me21gqu9xLpc6CIgHtOzU6JBgNlfg=="],

    "@typescript/typescript-linux-mips64el": ["@typescript/typescript-linux-mips64el@7.0.1-rc", "", { "os": "linux", "cpu": "none" }, "sha512-0FQspOb5UsQ4tQKvWgUO3pS9OIWkP7/8dPRWq+CRazJUeQZ4LBjtYK52jg5iIOrvItrVl2CwvRtrU3/9OihwJg=="],

    "@typescript/typescript-linux-ppc64": ["@typescript/typescript-linux-ppc64@7.0.1-rc", "", { "os": "linux", "cpu": "ppc64" }, "sha512-SUmwfVBEv6A2Ld0eWfcvW0FqrgemfQL8jFGOmV1qYxsDqumjE5DekHXqbstgmbE4SHr4rrjHjvmuGCY+kTH/vw=="],

    "@typescript/typescript-linux-riscv64": ["@typescript/typescript-linux-riscv64@7.0.1-rc", "", { "os": "linux", "cpu": "none" }, "sha512-rxeqnNnGiYzv/LlPHi/3+4p0ooR1cNJLjRIHXKovtiVmxXGJq6gtw8VSpbHuWPekyFMXgIAoLCZN0SQ51rAALQ=="],

    "@typescript/typescript-linux-s390x": ["@typescript/typescript-linux-s390x@7.0.1-rc", "", { "os": "linux", "cpu": "s390x" }, "sha512-RYWCHCiPypxajdRHM2CNK/eM22e4Ex5TTjV2pXf7PTtBowGr0xX8i8kIMknyZS0LX2QfleYHouaoMVsFDSle3g=="],

    "@typescript/typescript-linux-x64": ["@typescript/typescript-linux-x64@7.0.1-rc", "", { "os": "linux", "cpu": "x64" }, "sha512-PfLJSu0JzroDkqw2m4nqflPEcn8yev0m/vHFQlY9EzHorzjR6QG0wL8AJHvnD1e6h1s76AZngJ5u+z1K/D/HKw=="],

    "@typescript/typescript-netbsd-arm64": ["@typescript/typescript-netbsd-arm64@7.0.1-rc", "", { "os": "none", "cpu": "arm64" }, "sha512-FfbPxH3dTfp8yVIaNM7bdWTixXuyxpzoemluqcqMROSIz+ImpCG3Q9HO9Ptzp9/giv+P9YYEnCMSXh61migj2w=="],

    "@typescript/typescript-netbsd-x64": ["@typescript/typescript-netbsd-x64@7.0.1-rc", "", { "os": "none", "cpu": "x64" }, "sha512-FzdTfSzhRYb6hlav6K3cI5RVgcvCTvNAu/vc+t7B6AmZkThQ+t/1ntnvT5fnHmY1Az2RIBw7/b+qtCEG61HJTQ=="],

    "@typescript/typescript-openbsd-arm64": ["@typescript/typescript-openbsd-arm64@7.0.1-rc", "", { "os": "openbsd", "cpu": "arm64" }, "sha512-PQGhlxfNig+0YQ9Wwzd0USPBkt6w/ZqkBQWsU7G/0JkTzunJel+jSWwhKw4947pak/m7hGSeYiI04xReDLGZww=="],

    "@typescript/typescript-openbsd-x64": ["@typescript/typescript-openbsd-x64@7.0.1-rc", "", { "os": "openbsd", "cpu": "x64" }, "sha512-WJ7NYgO2mHmLUkI/tZ+hl8lFd26QPJqO8ONOHNuYbdsybLvSB6B6sep222JIVrOfPRDGvFinbGGB+l3m1FWRWA=="],

    "@typescript/typescript-sunos-x64": ["@typescript/typescript-sunos-x64@7.0.1-rc", "", { "os": "sunos", "cpu": "x64" }, "sha512-UYjDeUxd765V9qcwlUPk4pEXyL0i3G76CJm9baK4i99u1pGO1psf3nXDw4MMmElVOPvGbZag99ZR/O59E2OX6w=="],

    "@typescript/typescript-win32-arm64": ["@typescript/typescript-win32-arm64@7.0.1-rc", "", { "os": "win32", "cpu": "arm64" }, "sha512-KzXzFSXZOm7zvEt2Aw0MsB2LbTL88znAiVqTDNAOHdlEb7brgmUQh/X2wM/8Be+N0fjEqWKl65cBKNwpWEbJiw=="],

    "@typescript/typescript-win32-x64": ["@typescript/typescript-win32-x64@7.0.1-rc", "", { "os": "win32", "cpu": "x64" }, "sha512-98R3+OqDr/r0/PLWEoXu88AE0lGVLNd335Ew8ONgzK1JWkNs4ou/5BGt3Or1ij4iXjH+c7PRL+jFjCbtWze+EA=="],

    "ansi-regex": ["ansi-regex@5.0.1", "", {}, "sha512-quJQXlTSUGL2LH9SUXo8VwsY4soanhgo6LNSm84E1LBcE8s3O0wpdiRzyR9z/ZZJMlMWv37qOOb9pdJlMUEKFQ=="],

    "ansi-styles": ["ansi-styles@5.2.0", "", {}, "sha512-Cxwpt2SfTzTtXcfOlzGEee8O+c+MmUgGrNiBcXnuWxuFJHe6a5Hz7qwhwe5OgaSYI0IJvkLqWX1ASG+cJOkEiA=="],

    "aria-query": ["aria-query@5.3.0", "", { "dependencies": { "dequal": "^2.0.3" } }, "sha512-b0P0sZPKtyu8HkeRAfCq0IfURZK+SuwMjY1UXGBU27wpAiTwQAIlq56IbIO+ytk/JjS1fMR14ee5WBBfKi5J6A=="],

    "buffer-image-size": ["buffer-image-size@0.6.4", "", { "dependencies": { "@types/node": "*" } }, "sha512-nEh+kZOPY1w+gcCMobZ6ETUp9WfibndnosbpwB1iJk/8Gt5ZF2bhS6+B6bPYz424KtwsR6Rflc3tCz1/ghX2dQ=="],

    "bun-types": ["bun-types@1.3.14", "", { "dependencies": { "@types/node": "*" } }, "sha512-4N0ig0fEomHt5R0KCFWjovxow98rIoRwKolrYdCcknNwMekCXRnWEUvgu5soYV8QXtVsrUD8B95MBOZGPvr6KQ=="],

    "csstype": ["csstype@3.2.3", "", {}, "sha512-z1HGKcYy2xA8AGQfwrn0PAy+PB7X/GSj3UVJW9qKyn43xWa+gl5nXmU4qqLMRzWVLFC8KusUX8T/0kCiOYpAIQ=="],

    "dayjs": ["dayjs@1.11.21", "", {}, "sha512-98IT+HOahAisibz/yjKbzuOBwYcjJ7BCLPzARyHiyEBmRz4fatF+KPJszEHXsGYjUG234aH/cOjW1wwTbKUZlA=="],

    "deepmerge": ["deepmerge@4.3.1", "", {}, "sha512-3sUqbMEc77XqpdNO7FRyRog+eW3ph+GYCbj+rK+uYyRMuwsVy0rMiVtPn+QJlKFvWP/1PYpapqYn0Me2knFn+A=="],

    "dequal": ["dequal@2.0.3", "", {}, "sha512-0je+qPKHEMohvfRTCEo3CrPG6cAzAYgmzKyxRiYSSDkS6eGJdyVJm7WaYA5ECaAD9wLB2T4EEeymA5aFVcYXCA=="],

    "dom-accessibility-api": ["dom-accessibility-api@0.5.16", "", {}, "sha512-X7BJ2yElsnOJ30pZF4uIIDfBEVgF4XEBxL9Bxhy6dnrm5hkzqmsWHGTiHqRiITNhMyFLyAiWndIJP7Z1NTteDg=="],

    "dom-serializer": ["dom-serializer@2.0.0", "", { "dependencies": { "domelementtype": "^2.3.0", "domhandler": "^5.0.2", "entities": "^4.2.0" } }, "sha512-wIkAryiqt/nV5EQKqQpo3SToSOV9J0DnbJqwK7Wv/Trc92zIAYZ4FlMu+JPFW1DfGFt81ZTCGgDEabffXeLyJg=="],

    "domelementtype": ["domelementtype@2.3.0", "", {}, "sha512-OLETBj6w0OsagBwdXnPdN0cnMfF9opN69co+7ZrbfPGrdpPVNBUj02spi6B1N7wChLQiPn4CSH/zJvXw56gmHw=="],

    "domhandler": ["domhandler@5.0.3", "", { "dependencies": { "domelementtype": "^2.3.0" } }, "sha512-cgwlv/1iFQiFnU96XXgROh8xTeetsnJiDsTc7TYCLFd9+/WNkIqPTxiM/8pSd8VIrhXGTf1Ny1q1hquVqDJB5w=="],

    "domutils": ["domutils@3.2.2", "", { "dependencies": { "dom-serializer": "^2.0.0", "domelementtype": "^2.3.0", "domhandler": "^5.0.3" } }, "sha512-6kZKyUajlDuqlHKVX1w7gyslj9MPIXzIFiz/rGu35uC1wMi+kMhQwGhl4lt9unC9Vb9INnY9Z3/ZA3+FhASLaw=="],

    "entities": ["entities@7.0.1", "", {}, "sha512-TWrgLOFUQTH994YUyl1yT4uyavY5nNB5muff+RtWaqNVCAK408b5ZnnbNAUEWLTCpum9w6arT70i1XdQ4UeOPA=="],

    "escape-string-regexp": ["escape-string-regexp@4.0.0", "", {}, "sha512-TtpcNJ3XAzx3Gq8sWRzJaVajRs0uVxA2YAkdb1jm2YkPz4G6egUFAyA3n5vtEIZefPk5Wa4UXbKuS5fKkJWdgA=="],

    "happy-dom": ["happy-dom@20.10.6", "", { "dependencies": { "@types/node": ">=20.0.0", "@types/whatwg-mimetype": "^3.0.2", "@types/ws": "^8.18.1", "buffer-image-size": "^0.6.4", "entities": "^7.0.1", "whatwg-mimetype": "^3.0.0", "ws": "^8.21.0" } }, "sha512-6QD0ilzDDt93tX44y8tbmZdAcdTRYDhUP+Asgi6pC8Pp5IA3cvaZGyoVN/EGtlq9ziT65iPuBBn3ASLr6hCgVw=="],

    "htmlparser2": ["htmlparser2@10.1.0", "", { "dependencies": { "domelementtype": "^2.3.0", "domhandler": "^5.0.3", "domutils": "^3.2.2", "entities": "^7.0.1" } }, "sha512-VTZkM9GWRAtEpveh7MSF6SjjrpNVNNVJfFup7xTY3UpFtm67foy9HDVXneLtFVt4pMz5kZtgNcvCniNFb1hlEQ=="],

    "is-plain-object": ["is-plain-object@5.0.0", "", {}, "sha512-VRSzKkbMm5jMDoKLbltAkFQ5Qr7VDiTFGXxYFXXowVj387GeGNOCsOH6Msy00SGZ3Fp84b1Naa1psqgcCIEP5Q=="],

    "js-tokens": ["js-tokens@4.0.0", "", {}, "sha512-RdJUflcE3cUzKiMqQgsCu06FPu9UdIJO0beYbPhHN4k6apgJtifcoCtT9bcxOpYBtpD2kCM6Sbzg4CausW/PKQ=="],

    "launder": ["launder@1.7.1", "", { "dependencies": { "dayjs": "^1.11.7" } }, "sha512-mU6WRz5EusL9ZZuiZ5SO4Y6C0P9PAUR9iwdb6bzj4KDihm28DiHFw+/yk9DBH4f+Pv1wuzQ4e2jV3oQ7mkIqvw=="],

    "lefthook": ["lefthook@2.1.9", "", { "optionalDependencies": { "lefthook-darwin-arm64": "2.1.9", "lefthook-darwin-x64": "2.1.9", "lefthook-freebsd-arm64": "2.1.9", "lefthook-freebsd-x64": "2.1.9", "lefthook-linux-arm64": "2.1.9", "lefthook-linux-x64": "2.1.9", "lefthook-openbsd-arm64": "2.1.9", "lefthook-openbsd-x64": "2.1.9", "lefthook-windows-arm64": "2.1.9", "lefthook-windows-x64": "2.1.9" }, "bin": { "lefthook": "bin/index.js" } }, "sha512-bwDaIOViTktE8kJLf9jP0p+H2/RDTlFFlc43Am2YgUsX22hI6Sq4RbzsrecwzY5y+MHTipOH7WsmWSEniePHWQ=="],

    "lefthook-darwin-arm64": ["lefthook-darwin-arm64@2.1.9", "", { "os": "darwin", "cpu": "arm64" }, "sha512-119HryNcvr4nqn0wUIrNPgpMEPn9yMQzEcW/lezRsnb56PCJriJB92+MCySPVcWDxJnZef7o0T3jdnPNiSH7Qg=="],

    "lefthook-darwin-x64": ["lefthook-darwin-x64@2.1.9", "", { "os": "darwin", "cpu": "x64" }, "sha512-dwo5Tke2XcQCM56DGHgFKBfRbJIL6xs2wZ0zG1TUVZgl4t4mQUt6LiZ4V/ZQfYHTZF9qywvXoIlR5N35qOaiVQ=="],

    "lefthook-freebsd-arm64": ["lefthook-freebsd-arm64@2.1.9", "", { "os": "freebsd", "cpu": "arm64" }, "sha512-+09PVap6nl6xsaHch5JLtq7WvIR++U1Q2MzA2ai0M4uB/VP3AqrvKqHw6+9hjyKnIH+HHL83uqi77EAY+LaxLA=="],

    "lefthook-freebsd-x64": ["lefthook-freebsd-x64@2.1.9", "", { "os": "freebsd", "cpu": "x64" }, "sha512-8XresjKIYpkE9ARgCtBEZgJZxAU3T4MIqzj4zNy15XRT59I1Us+QdqXTNm+pkZ41Yd2X/nxs2Pkvbq3NWWlIGw=="],

    "lefthook-linux-arm64": ["lefthook-linux-arm64@2.1.9", "", { "os": "linux", "cpu": "arm64" }, "sha512-1oNIQfwrPe6rgU2KcDM3aF6+hpZDCKx1TmawQKpXUY5gVsbZ7MqX0Sk/1lnnWxqPm+kQQ5f6J2dpFWd+4xH8jg=="],

    "lefthook-linux-x64": ["lefthook-linux-x64@2.1.9", "", { "os": "linux", "cpu": "x64" }, "sha512-fT+7Q+BJyGp+CslFQkNXmdFRgyVXsPHPi9NAsDX0a6QOyNnoORByAsvx6zeAKuF5rL3BBgNfho1/v2RuGxGy9w=="],

    "lefthook-openbsd-arm64": ["lefthook-openbsd-arm64@2.1.9", "", { "os": "openbsd", "cpu": "arm64" }, "sha512-4bVuafBk3dddVNo0+3hMbjcJs4mqYAstxpPMmX2ufkudSTYFNIhWoqwuGVQV/SS/xdcOKJAldW4qayAzed2ysw=="],

    "lefthook-openbsd-x64": ["lefthook-openbsd-x64@2.1.9", "", { "os": "openbsd", "cpu": "x64" }, "sha512-PmPoMmLP/wQQWcQ9u2YH86bTZ3UCfBsxuEmVTEyPU2U8R1qSTp5r/Gs3G8cN5Mxo91XB9oBERtF1n+xD3W6aVA=="],

    "lefthook-windows-arm64": ["lefthook-windows-arm64@2.1.9", "", { "os": "win32", "cpu": "arm64" }, "sha512-KphfkBKmwBnmolyrdhIl3lrBaOyTcCgXBT2AB/9OHnEXhOLvv5uTCUkrD4YRAxXPtFKq6UvnapIeoL3GZq0bdA=="],

    "lefthook-windows-x64": ["lefthook-windows-x64@2.1.9", "", { "os": "win32", "cpu": "x64" }, "sha512-2qlUtkJHZ3MyUxgV5XTEmcrIoNZA07iwaquoswAcqv/1MeBFXlD+O+koFRfrzWng2O5WYEbpJnd8tvaYnV8fTA=="],

    "lz-string": ["lz-string@1.5.0", "", { "bin": { "lz-string": "bin/bin.js" } }, "sha512-h5bgJWpxJNswbU7qCrV0tIKQCaS3blPDrqKWx+QxzuzL1zGUzij9XCWLrSLsJPu5t+eWA/ycetzYAO5IOMcWAQ=="],

    "nanoid": ["nanoid@3.3.15", "", { "bin": { "nanoid": "bin/nanoid.cjs" } }, "sha512-y7Wygv/7mEOvxTuEQDB8StXdMRBWf1kR/tlhAzBRUFkB2jfcLOAxO/SHmOO2zgz1pVgK29/kyupn059/bCHdjA=="],

    "oxfmt": ["oxfmt@0.56.0", "", { "dependencies": { "tinypool": "2.1.0" }, "optionalDependencies": { "@oxfmt/binding-android-arm-eabi": "0.56.0", "@oxfmt/binding-android-arm64": "0.56.0", "@oxfmt/binding-darwin-arm64": "0.56.0", "@oxfmt/binding-darwin-x64": "0.56.0", "@oxfmt/binding-freebsd-x64": "0.56.0", "@oxfmt/binding-linux-arm-gnueabihf": "0.56.0", "@oxfmt/binding-linux-arm-musleabihf": "0.56.0", "@oxfmt/binding-linux-arm64-gnu": "0.56.0", "@oxfmt/binding-linux-arm64-musl": "0.56.0", "@oxfmt/binding-linux-ppc64-gnu": "0.56.0", "@oxfmt/binding-linux-riscv64-gnu": "0.56.0", "@oxfmt/binding-linux-riscv64-musl": "0.56.0", "@oxfmt/binding-linux-s390x-gnu": "0.56.0", "@oxfmt/binding-linux-x64-gnu": "0.56.0", "@oxfmt/binding-linux-x64-musl": "0.56.0", "@oxfmt/binding-openharmony-arm64": "0.56.0", "@oxfmt/binding-win32-arm64-msvc": "0.56.0", "@oxfmt/binding-win32-ia32-msvc": "0.56.0", "@oxfmt/binding-win32-x64-msvc": "0.56.0" }, "peerDependencies": { "svelte": "^5.0.0", "vite-plus": "*" }, "optionalPeers": ["svelte", "vite-plus"], "bin": { "oxfmt": "bin/oxfmt" } }, "sha512-9Dv0wV3zKiyvhjD7bRKaInKmHQ1sPx3RGOjQkGFJbbdQ16576yf8qhMSO9Q9cvHcs+1NpBsRTkuDDYFFPTJ6gw=="],

    "oxlint": ["oxlint@1.71.0", "", { "optionalDependencies": { "@oxlint/binding-android-arm-eabi": "1.71.0", "@oxlint/binding-android-arm64": "1.71.0", "@oxlint/binding-darwin-arm64": "1.71.0", "@oxlint/binding-darwin-x64": "1.71.0", "@oxlint/binding-freebsd-x64": "1.71.0", "@oxlint/binding-linux-arm-gnueabihf": "1.71.0", "@oxlint/binding-linux-arm-musleabihf": "1.71.0", "@oxlint/binding-linux-arm64-gnu": "1.71.0", "@oxlint/binding-linux-arm64-musl": "1.71.0", "@oxlint/binding-linux-ppc64-gnu": "1.71.0", "@oxlint/binding-linux-riscv64-gnu": "1.71.0", "@oxlint/binding-linux-riscv64-musl": "1.71.0", "@oxlint/binding-linux-s390x-gnu": "1.71.0", "@oxlint/binding-linux-x64-gnu": "1.71.0", "@oxlint/binding-linux-x64-musl": "1.71.0", "@oxlint/binding-openharmony-arm64": "1.71.0", "@oxlint/binding-win32-arm64-msvc": "1.71.0", "@oxlint/binding-win32-ia32-msvc": "1.71.0", "@oxlint/binding-win32-x64-msvc": "1.71.0" }, "peerDependencies": { "oxlint-tsgolint": ">=0.22.1", "vite-plus": "*" }, "optionalPeers": ["oxlint-tsgolint", "vite-plus"], "bin": { "oxlint": "bin/oxlint" } }, "sha512-U1m1X+C0vDj7DC1e13IoZULzEcPczE7UOMTs8VlZGHUEIUaSTZKo5qkPsQEfzpgnQ29Pea/w3Xntk62UCecxZw=="],

    "parse-srcset": ["parse-srcset@1.0.2", "", {}, "sha512-/2qh0lav6CmI15FzA3i/2Bzk2zCgQhGMkvhOhKNcBVQ1ldgpbfiNTVslmooUmWJcADi1f1kIeynbDRVzNlfR6Q=="],

    "picocolors": ["picocolors@1.1.1", "", {}, "sha512-xceH2snhtb5M9liqDsmEw56le376mTZkEX/jEb/RxNFyegNul7eNslCXP9FDj/Lcu0X8KEyMceP2ntpaHrDEVA=="],

    "postcss": ["postcss@8.5.15", "", { "dependencies": { "nanoid": "^3.3.12", "picocolors": "^1.1.1", "source-map-js": "^1.2.1" } }, "sha512-FfR8sjd4em2T6fb3I2MwAJU7HWVMr9zba+enmQeeWFfCbm+UOC/0X4DS8XtpUTMwWMGbjKYP7xjfNekzyGmB3A=="],

    "pretty-format": ["pretty-format@27.5.1", "", { "dependencies": { "ansi-regex": "^5.0.1", "ansi-styles": "^5.0.0", "react-is": "^17.0.1" } }, "sha512-Qb1gy5OrP5+zDf2Bvnzdl3jsTf1qXVMazbvCoKhtKqVs4/YK4ozX4gKQJJVyNe+cajNPn0KoC0MC3FUmaHWEmQ=="],

    "react": ["react@19.2.7", "", {}, "sha512-HNe9WslTbXmFK8o8cmwgAeJFSBvt1bPdHCVKtaaV+WlAN36mpT4hcRpwbf3fY56ar2oIXzsBpOAiIRHAdY0OlQ=="],

    "react-dom": ["react-dom@19.2.7", "", { "dependencies": { "scheduler": "^0.27.0" }, "peerDependencies": { "react": "^19.2.7" } }, "sha512-t0BRVXvbiE/o20Hfw669rLbMCDWtYZLvmJigy2f0MxsXF+71pxhR3xOkspmsO8h3ZlNzyibAmtCa3l4lYKk6gQ=="],

    "react-is": ["react-is@17.0.2", "", {}, "sha512-w2GsyukL62IJnlaff/nRegPQR94C/XXamvMWmSHRJ4y7Ts/4ocGRmTHvOs8PSE6pB3dWOrD/nueuU5sduBsQ4w=="],

    "sanitize-html": ["sanitize-html@2.17.5", "", { "dependencies": { "deepmerge": "^4.2.2", "escape-string-regexp": "^4.0.0", "htmlparser2": "^10.1.0", "is-plain-object": "^5.0.0", "launder": "^1.7.1", "parse-srcset": "^1.0.2", "postcss": "^8.3.11" } }, "sha512-ZmU1joGRrvoyctKIiuwUxqR6moLoU2Wk+2bMccN6f7UwhAmwYDvWziqPxRDDN2Qip62NqnIrVrT9akbL6Wretg=="],

    "scheduler": ["scheduler@0.27.0", "", {}, "sha512-eNv+WrVbKu1f3vbYJT/xtiF5syA5HPIMtf9IgY/nKg0sWqzAUEvqY/xm7OcZc/qafLx/iO9FgOmeSAp4v5ti/Q=="],

    "source-map-js": ["source-map-js@1.2.1", "", {}, "sha512-UXWMKhLOwVKb728IUtQPXxfYU+usdybtUrK/8uGE8CQMvrhOpwvzDBwj0QhSL7MQc7vIsISBG8VQ8+IDQxpfQA=="],

    "tinypool": ["tinypool@2.1.0", "", {}, "sha512-Pugqs6M0m7Lv1I7FtxN4aoyToKg1C4tu+/381vH35y8oENM/Ai7f7C4StcoK4/+BSw9ebcS8jRiVrORFKCALLw=="],

    "typescript": ["typescript@7.0.1-rc", "", { "optionalDependencies": { "@typescript/typescript-aix-ppc64": "7.0.1-rc", "@typescript/typescript-darwin-arm64": "7.0.1-rc", "@typescript/typescript-darwin-x64": "7.0.1-rc", "@typescript/typescript-freebsd-arm64": "7.0.1-rc", "@typescript/typescript-freebsd-x64": "7.0.1-rc", "@typescript/typescript-linux-arm": "7.0.1-rc", "@typescript/typescript-linux-arm64": "7.0.1-rc", "@typescript/typescript-linux-loong64": "7.0.1-rc", "@typescript/typescript-linux-mips64el": "7.0.1-rc", "@typescript/typescript-linux-ppc64": "7.0.1-rc", "@typescript/typescript-linux-riscv64": "7.0.1-rc", "@typescript/typescript-linux-s390x": "7.0.1-rc", "@typescript/typescript-linux-x64": "7.0.1-rc", "@typescript/typescript-netbsd-arm64": "7.0.1-rc", "@typescript/typescript-netbsd-x64": "7.0.1-rc", "@typescript/typescript-openbsd-arm64": "7.0.1-rc", "@typescript/typescript-openbsd-x64": "7.0.1-rc", "@typescript/typescript-sunos-x64": "7.0.1-rc", "@typescript/typescript-win32-arm64": "7.0.1-rc", "@typescript/typescript-win32-x64": "7.0.1-rc" }, "bin": { "tsc": "bin/tsc" } }, "sha512-drEP77wK7CCDlPfXZH4e008UUQOsw1DFmHmZOZjuNA+yoDLLnSNMZRXi90NbV/1LVo7SbNLq1bs3jjvk49TEqQ=="],

    "undici-types": ["undici-types@8.3.0", "", {}, "sha512-j375ScV60dom+YkPFIfTLcOiPxkN/buHz5GobjLhixFuANaNs3C9l4GmrWqejgXWJ7BbJcFYpTEUkS1Ge8bpZQ=="],

    "whatwg-mimetype": ["whatwg-mimetype@3.0.0", "", {}, "sha512-nt+N2dzIutVRxARx1nghPKGv1xHikU7HKdfafKkLNLindmPU/ch3U31NOCGGA/dmPcmb1VlofO0vnKAcsm0o/Q=="],

    "ws": ["ws@8.21.0", "", { "peerDependencies": { "bufferutil": "^4.0.1", "utf-8-validate": ">=5.0.2" }, "optionalPeers": ["bufferutil", "utf-8-validate"] }, "sha512-Vsp28b7DRcimFQvrqu2Wek3z1iYxDCWqHYB8Qsnk/S4RfaCQzPGPyBNuVjJV3cd6UiKtUtp6sNM77gWvzcCH+g=="],

    "zod": ["zod@4.4.3", "", {}, "sha512-ytENFjIJFl2UwYglde2jchW2Hwm4GJFLDiSXWdTrJQBIN9Fcyp7n4DhxJEiWNAJMV1/BqWfW/kkg71UDcHJyTQ=="],

    "dom-serializer/entities": ["entities@4.5.0", "", {}, "sha512-V0hjH4dGPh9Ao5p0MoRY6BVqtwCjhz6vI5LT8AJ55H+4g9/4vbHx1I54fS0XuclLhDHArPQCiMjDxjaL8fPxhw=="],
  }
}
